{
    "requires": true,
    "lockfileVersion": 1,
    "dependencies": {
        "@ckeditor/ckeditor5-adapter-ckfinder": {
            "version": "15.0.0",
            "resolved": "https://registry.npmjs.org/@ckeditor/ckeditor5-adapter-ckfinder/-/ckeditor5-adapter-ckfinder-15.0.0.tgz",
            "integrity": "sha512-ew4C20zzETY3N0ftpIbgOQwOwJJKq4ylXadDypqKzJJ6hVbDMeAVzQ3YCIDIdCxsCCTHHza4V4+jrFjDC+61cg==",
            "requires": {
                "@ckeditor/ckeditor5-core": "^15.0.0",
                "@ckeditor/ckeditor5-upload": "^15.0.0"
            }
        },
        "@ckeditor/ckeditor5-build-classic": {
            "version": "15.0.0",
            "resolved": "https://registry.npmjs.org/@ckeditor/ckeditor5-build-classic/-/ckeditor5-build-classic-15.0.0.tgz",
            "integrity": "sha512-oIEYT4obF3+aPgA2BkzCZsK4vzOohpZRWn549dz/FWU6TIIBH7g5wE7CQtsMJG8KnnqC5Y+eh+HNURQxDGvj/g=="
        },
        "@ckeditor/ckeditor5-ckfinder": {
            "version": "15.0.0",
            "resolved": "https://registry.npmjs.org/@ckeditor/ckeditor5-ckfinder/-/ckeditor5-ckfinder-15.0.0.tgz",
            "integrity": "sha512-X9oj8Mzkk+MamBlrN9kKasHA1qYedKHmIgv/rSrsw8s6QNWnOP2shLPoagpVfb0ZnBN5FvEqLSvSrVqddA5K0w==",
            "requires": {
                "@ckeditor/ckeditor5-adapter-ckfinder": "^15.0.0",
                "@ckeditor/ckeditor5-core": "^15.0.0",
                "@ckeditor/ckeditor5-image": "^15.0.0",
                "@ckeditor/ckeditor5-link": "^15.0.0",
                "@ckeditor/ckeditor5-ui": "^15.0.0"
            }
        },
        "@ckeditor/ckeditor5-core": {
            "version": "15.0.0",
            "resolved": "https://registry.npmjs.org/@ckeditor/ckeditor5-core/-/ckeditor5-core-15.0.0.tgz",
            "integrity": "sha512-hZ0Bljc3zAzZjn1XDaPQc+ryTx103QnzFdFxRD6iPHCGhEG4iMiA9tP7yf6yQxZzewv6desAEqVK9gHCFaRxww==",
            "requires": {
                "@ckeditor/ckeditor5-engine": "^15.0.0",
                "@ckeditor/ckeditor5-utils": "^15.0.0",
                "lodash-es": "^4.17.10"
            }
        },
        "@ckeditor/ckeditor5-engine": {
            "version": "15.0.0",
            "resolved": "https://registry.npmjs.org/@ckeditor/ckeditor5-engine/-/ckeditor5-engine-15.0.0.tgz",
            "integrity": "sha512-6CGzfXmK/tw/fKdXqfp+azpu4fycbrTHKAHmj68we2opGWLvEpuuS/p0g39+PcrMNPYRIVjq+id2676Q6+QZrw==",
            "requires": {
                "@ckeditor/ckeditor5-utils": "^15.0.0",
                "lodash-es": "^4.17.10"
            }
        },
        "@ckeditor/ckeditor5-image": {
            "version": "15.0.0",
            "resolved": "https://registry.npmjs.org/@ckeditor/ckeditor5-image/-/ckeditor5-image-15.0.0.tgz",
            "integrity": "sha512-Vvmlb+IZV5eGJk+KSbHu0rWX7w0CKkpvAl/aunOL4v1jBdOgKyiPt5fAJuH5r6HHs5Tq7YCJRacRcVahXb0jXQ==",
            "requires": {
                "@ckeditor/ckeditor5-core": "^15.0.0",
                "@ckeditor/ckeditor5-engine": "^15.0.0",
                "@ckeditor/ckeditor5-ui": "^15.0.0",
                "@ckeditor/ckeditor5-upload": "^15.0.0",
                "@ckeditor/ckeditor5-utils": "^15.0.0",
                "@ckeditor/ckeditor5-widget": "^15.0.0"
            }
        },
        "@ckeditor/ckeditor5-link": {
            "version": "15.0.0",
            "resolved": "https://registry.npmjs.org/@ckeditor/ckeditor5-link/-/ckeditor5-link-15.0.0.tgz",
            "integrity": "sha512-7fM45toRNcogF60uIoUtzLhu2ntZ8WhDFrylRwMRX//newUgEoPJverslEP9C9nII1SR+Oh/kTwfvQHjsaPoZA==",
            "requires": {
                "@ckeditor/ckeditor5-core": "^15.0.0",
                "@ckeditor/ckeditor5-engine": "^15.0.0",
                "@ckeditor/ckeditor5-ui": "^15.0.0",
                "lodash-es": "^4.17.10"
            }
        },
        "@ckeditor/ckeditor5-ui": {
            "version": "15.0.0",
            "resolved": "https://registry.npmjs.org/@ckeditor/ckeditor5-ui/-/ckeditor5-ui-15.0.0.tgz",
            "integrity": "sha512-+gTXxYveLcaYewey2xolqfcIOCSP3AJk45KMG+3GtU2r2JedPMGgbR/DwqdTuY4xxrRNLbPC9Mi9e+19cXcJbQ==",
            "requires": {
                "@ckeditor/ckeditor5-core": "^15.0.0",
                "@ckeditor/ckeditor5-utils": "^15.0.0",
                "lodash-es": "^4.17.10"
            }
        },
        "@ckeditor/ckeditor5-upload": {
            "version": "15.0.0",
            "resolved": "https://registry.npmjs.org/@ckeditor/ckeditor5-upload/-/ckeditor5-upload-15.0.0.tgz",
            "integrity": "sha512-7eoxhpV4PmwrYu8nCdZ86Psb2XLpmsD0CpD01MORXqCZXPgUFIEB98y/48FtW19oPn5GLCzqT/ylpg0/CY88iQ==",
            "requires": {
                "@ckeditor/ckeditor5-core": "^15.0.0",
                "@ckeditor/ckeditor5-ui": "^15.0.0",
                "@ckeditor/ckeditor5-utils": "^15.0.0"
            }
        },
        "@ckeditor/ckeditor5-utils": {
            "version": "15.0.0",
            "resolved": "https://registry.npmjs.org/@ckeditor/ckeditor5-utils/-/ckeditor5-utils-15.0.0.tgz",
            "integrity": "sha512-eAUYjFusNuj2N8NqGbquMOnSv4wjcO2TuipCP1Rao/FHWX6h+PWBhxnD3J9igRQRvLePYbtQAUAvLeD846JA0A==",
            "requires": {
                "ckeditor5": "^15.0.0",
                "lodash-es": "^4.17.10"
            }
        },
        "@ckeditor/ckeditor5-widget": {
            "version": "15.0.0",
            "resolved": "https://registry.npmjs.org/@ckeditor/ckeditor5-widget/-/ckeditor5-widget-15.0.0.tgz",
            "integrity": "sha512-3kRw02xuJwLFJqbycD3FJhoOalUbRvTSO9dzfTav/21g7vHiDdyKWlhDqP1kISm3N/VRhkP72k3vN4TlnPSraQ==",
            "requires": {
                "@ckeditor/ckeditor5-core": "^15.0.0",
                "@ckeditor/ckeditor5-engine": "^15.0.0",
                "@ckeditor/ckeditor5-ui": "^15.0.0",
                "@ckeditor/ckeditor5-utils": "^15.0.0",
                "lodash-es": "^4.17.10"
            }
        },
        "ckeditor5": {
            "version": "15.0.0",
            "resolved": "https://registry.npmjs.org/ckeditor5/-/ckeditor5-15.0.0.tgz",
            "integrity": "sha512-LVrey6xTa+Sm2CvYaicPbW51/fV19fd9EFkhERSvskTSyKelvzLwBlug0PYHS8JFnrdBWjQf5bbdggzFZyVt2w=="
        },
        "lodash-es": {
            "version": "4.17.15",
            "resolved": "https://registry.npmjs.org/lodash-es/-/lodash-es-4.17.15.tgz",
            "integrity": "sha512-rlrc3yU3+JNOpZ9zj5pQtxnx2THmvRykwL4Xlxoa8I9lHBlVbbyPhgyPMioxVZ4NqyxaVVtaJnzsyOidQIhyyQ=="
        }
    }
}
